// !$*UTF8*$!
{
	archiveVersion = 1;
	classes = {
	};
	objectVersion = 77;
	objects = {

/* Begin PBXBuildFile section */
		CF2171A92FE377EE00060F38 /* SocketIO in Frameworks */ = {isa = PBXBuildFile; productRef = CF2171A82FE377EE00060F38 /* SocketIO */; };
		CF2171D82FE6DFAB00060F38 /* ReadiumAdapterGCDWebServer in Frameworks */ = {isa = PBXBuildFile; productRef = CF2171D72FE6DFAB00060F38 /* ReadiumAdapterGCDWebServer */; };
		CF2171DA2FE6DFAB00060F38 /* ReadiumAdapterLCPSQLite in Frameworks */ = {isa = PBXBuildFile; productRef = CF2171D92FE6DFAB00060F38 /* ReadiumAdapterLCPSQLite */; };
		CF2171DC2FE6DFAB00060F38 /* ReadiumLCP in Frameworks */ = {isa = PBXBuildFile; productRef = CF2171DB2FE6DFAB00060F38 /* ReadiumLCP */; };
		CF2171DE2FE6DFAB00060F38 /* ReadiumNavigator in Frameworks */ = {isa = PBXBuildFile; productRef = CF2171DD2FE6DFAB00060F38 /* ReadiumNavigator */; };
		CF2171E02FE6DFAB00060F38 /* ReadiumOPDS in Frameworks */ = {isa = PBXBuildFile; productRef = CF2171DF2FE6DFAB00060F38 /* ReadiumOPDS */; };
		CF2171E22FE6DFAB00060F38 /* ReadiumShared in Frameworks */ = {isa = PBXBuildFile; productRef = CF2171E12FE6DFAB00060F38 /* ReadiumShared */; };
		CF2171E42FE6DFAB00060F38 /* ReadiumStreamer in Frameworks */ = {isa = PBXBuildFile; productRef = CF2171E32FE6DFAB00060F38 /* ReadiumStreamer */; };
		CFBD97BF2FC1E7EF003F1EAC /* WidgetKit.framework in Frameworks */ = {isa = PBXBuildFile; fileRef = CFBD97BE2FC1E7EF003F1EAC /* WidgetKit.framework */; };
		CFBD97C12FC1E7EF003F1EAC /* SwiftUI.framework in Frameworks */ = {isa = PBXBuildFile; fileRef = CFBD97C02FC1E7EF003F1EAC /* SwiftUI.framework */; };
		CFBD97D22FC1E7F2003F1EAC /* LumeyWidgetsExtension.appex in Embed Foundation Extensions */ = {isa = PBXBuildFile; fileRef = CFBD97BC2FC1E7EF003F1EAC /* LumeyWidgetsExtension.appex */; settings = {ATTRIBUTES = (RemoveHeadersOnCopy, ); }; };
/* End PBXBuildFile section */

/* Begin PBXContainerItemProxy section */
		CFBD97D02FC1E7F2003F1EAC /* PBXContainerItemProxy */ = {
			isa = PBXContainerItemProxy;
			containerPortal = CFBD970F2FC0DD3E003F1EAC /* Project object */;
			proxyType = 1;
			remoteGlobalIDString = CFBD97BB2FC1E7EF003F1EAC;
			remoteInfo = LumeyWidgetsExtension;
		};
/* End PBXContainerItemProxy section */

/* Begin PBXCopyFilesBuildPhase section */
		CFBD97D72FC1E7F2003F1EAC /* Embed Foundation Extensions */ = {
			isa = PBXCopyFilesBuildPhase;
			buildActionMask = 2147483647;
			dstPath = "";
			dstSubfolderSpec = 13;
			files = (
				CFBD97D22FC1E7F2003F1EAC /* LumeyWidgetsExtension.appex in Embed Foundation Extensions */,
			);
			name = "Embed Foundation Extensions";
			runOnlyForDeploymentPostprocessing = 0;
		};
/* End PBXCopyFilesBuildPhase section */

/* Begin PBXFileReference section */
		CFBD97172FC0DD3E003F1EAC /* Lumey.app */ = {isa = PBXFileReference; explicitFileType = wrapper.application; includeInIndex = 0; path = Lumey.app; sourceTree = BUILT_PRODUCTS_DIR; };
		CFBD97BC2FC1E7EF003F1EAC /* LumeyWidgetsExtension.appex */ = {isa = PBXFileReference; explicitFileType = "wrapper.app-extension"; includeInIndex = 0; path = LumeyWidgetsExtension.appex; sourceTree = BUILT_PRODUCTS_DIR; };
		CFBD97BE2FC1E7EF003F1EAC /* WidgetKit.framework */ = {isa = PBXFileReference; lastKnownFileType = wrapper.framework; name = WidgetKit.framework; path = System/Library/Frameworks/WidgetKit.framework; sourceTree = SDKROOT; };
		CFBD97C02FC1E7EF003F1EAC /* SwiftUI.framework */ = {isa = PBXFileReference; lastKnownFileType = wrapper.framework; name = SwiftUI.framework; path = System/Library/Frameworks/SwiftUI.framework; sourceTree = SDKROOT; };
/* End PBXFileReference section */

/* Begin PBXFileSystemSynchronizedBuildFileExceptionSet section */
		CFBD97242FC0DD40003F1EAC /* Exceptions for "Lumey" folder in "Lumey" target */ = {
			isa = PBXFileSystemSynchronizedBuildFileExceptionSet;
			membershipExceptions = (
				Info.plist,
			);
			target = CFBD97162FC0DD3E003F1EAC /* Lumey */;
		};
		CFBD97D62FC1E7F2003F1EAC /* Exceptions for "LumeyWidgets" folder in "LumeyWidgetsExtension" target */ = {
			isa = PBXFileSystemSynchronizedBuildFileExceptionSet;
			membershipExceptions = (
				Info.plist,
			);
			target = CFBD97BB2FC1E7EF003F1EAC /* LumeyWidgetsExtension */;
		};
		CFBD97DD2FC1EAAE003F1EAC /* Exceptions for "LumeyWidgets" folder in "Lumey" target */ = {
			isa = PBXFileSystemSynchronizedBuildFileExceptionSet;
			membershipExceptions = (
				LumeyWidgetsLiveActivity.swift,
			);
			target = CFBD97162FC0DD3E003F1EAC /* Lumey */;
		};
/* End PBXFileSystemSynchronizedBuildFileExceptionSet section */

/* Begin PBXFileSystemSynchronizedRootGroup section */
		CFBD97192FC0DD3E003F1EAC /* Lumey */ = {
			isa = PBXFileSystemSynchronizedRootGroup;
			exceptions = (
				CFBD97242FC0DD40003F1EAC /* Exceptions for "Lumey" folder in "Lumey" target */,
			);
			path = Lumey;
			sourceTree = "<group>";
		};
		CFBD97C22FC1E7F0003F1EAC /* LumeyWidgets */ = {
			isa = PBXFileSystemSynchronizedRootGroup;
			exceptions = (
				CFBD97DD2FC1EAAE003F1EAC /* Exceptions for "LumeyWidgets" folder in "Lumey" target */,
				CFBD97D62FC1E7F2003F1EAC /* Exceptions for "LumeyWidgets" folder in "LumeyWidgetsExtension" target */,
			);
			path = LumeyWidgets;
			sourceTree = "<group>";
		};
/* End PBXFileSystemSynchronizedRootGroup section */

/* Begin PBXFrameworksBuildPhase section */
		CFBD97142FC0DD3E003F1EAC /* Frameworks */ = {
			isa = PBXFrameworksBuildPhase;
			buildActionMask = 2147483647;
			files = (
				CF2171E02FE6DFAB00060F38 /* ReadiumOPDS in Frameworks */,
				CF2171E42FE6DFAB00060F38 /* ReadiumStreamer in Frameworks */,
				CF2171DC2FE6DFAB00060F38 /* ReadiumLCP in Frameworks */,
				CF2171E22FE6DFAB00060F38 /* ReadiumShared in Frameworks */,
				CF2171A92FE377EE00060F38 /* SocketIO in Frameworks */,
				CF2171D82FE6DFAB00060F38 /* ReadiumAdapterGCDWebServer in Frameworks */,
				CF2171DA2FE6DFAB00060F38 /* ReadiumAdapterLCPSQLite in Frameworks */,
				CF2171DE2FE6DFAB00060F38 /* ReadiumNavigator in Frameworks */,
			);
			runOnlyForDeploymentPostprocessing = 0;
		};
		CFBD97B92FC1E7EF003F1EAC /* Frameworks */ = {
			isa = PBXFrameworksBuildPhase;
			buildActionMask = 2147483647;
			files = (
				CFBD97C12FC1E7EF003F1EAC /* SwiftUI.framework in Frameworks */,
				CFBD97BF2FC1E7EF003F1EAC /* WidgetKit.framework in Frameworks */,
			);
			runOnlyForDeploymentPostprocessing = 0;
		};
/* End PBXFrameworksBuildPhase section */

/* Begin PBXGroup section */
		CFBD970E2FC0DD3E003F1EAC = {
			isa = PBXGroup;
			children = (
				CFBD97192FC0DD3E003F1EAC /* Lumey */,
				CFBD97C22FC1E7F0003F1EAC /* LumeyWidgets */,
				CFBD97BD2FC1E7EF003F1EAC /* Frameworks */,
				CFBD97182FC0DD3E003F1EAC /* Products */,
			);
			sourceTree = "<group>";
		};
		CFBD97182FC0DD3E003F1EAC /* Products */ = {
			isa = PBXGroup;
			children = (
				CFBD97172FC0DD3E003F1EAC /* Lumey.app */,
				CFBD97BC2FC1E7EF003F1EAC /* LumeyWidgetsExtension.appex */,
			);
			name = Products;
			sourceTree = "<group>";
		};
		CFBD97BD2FC1E7EF003F1EAC /* Frameworks */ = {
			isa = PBXGroup;
			children = (
				CFBD97BE2FC1E7EF003F1EAC /* WidgetKit.framework */,
				CFBD97C02FC1E7EF003F1EAC /* SwiftUI.framework */,
			);
			name = Frameworks;
			sourceTree = "<group>";
		};
/* End PBXGroup section */

/* Begin PBXNativeTarget section */
		CFBD97162FC0DD3E003F1EAC /* Lumey */ = {
			isa = PBXNativeTarget;
			buildConfigurationList = CFBD97252FC0DD40003F1EAC /* Build configuration list for PBXNativeTarget "Lumey" */;
			buildPhases = (
				CFBD97132FC0DD3E003F1EAC /* Sources */,
				CFBD97142FC0DD3E003F1EAC /* Frameworks */,
				CFBD97152FC0DD3E003F1EAC /* Resources */,
				CFBD97D72FC1E7F2003F1EAC /* Embed Foundation Extensions */,
			);
			buildRules = (
			);
			dependencies = (
				CFBD97D12FC1E7F2003F1EAC /* PBXTargetDependency */,
			);
			fileSystemSynchronizedGroups = (
				CFBD97192FC0DD3E003F1EAC /* Lumey */,
			);
			name = Lumey;
			packageProductDependencies = (
				CF2171A82FE377EE00060F38 /* SocketIO */,
				CF2171D72FE6DFAB00060F38 /* ReadiumAdapterGCDWebServer */,
				CF2171D92FE6DFAB00060F38 /* ReadiumAdapterLCPSQLite */,
				CF2171DB2FE6DFAB00060F38 /* ReadiumLCP */,
				CF2171DD2FE6DFAB00060F38 /* ReadiumNavigator */,
				CF2171DF2FE6DFAB00060F38 /* ReadiumOPDS */,
				CF2171E12FE6DFAB00060F38 /* ReadiumShared */,
				CF2171E32FE6DFAB00060F38 /* ReadiumStreamer */,
			);
			productName = Lumey;
			productReference = CFBD97172FC0DD3E003F1EAC /* Lumey.app */;
			productType = "com.apple.product-type.application";
		};
		CFBD97BB2FC1E7EF003F1EAC /* LumeyWidgetsExtension */ = {
			isa = PBXNativeTarget;
			buildConfigurationList = CFBD97D32FC1E7F2003F1EAC /* Build configuration list for PBXNativeTarget "LumeyWidgetsExtension" */;
			buildPhases = (
				CFBD97B82FC1E7EF003F1EAC /* Sources */,
				CFBD97B92FC1E7EF003F1EAC /* Frameworks */,
				CFBD97BA2FC1E7EF003F1EAC /* Resources */,
			);
			buildRules = (
			);
			dependencies = (
			);
			fileSystemSynchronizedGroups = (
				CFBD97C22FC1E7F0003F1EAC /* LumeyWidgets */,
			);
			name = LumeyWidgetsExtension;
			packageProductDependencies = (
			);
			productName = LumeyWidgetsExtension;
			productReference = CFBD97BC2FC1E7EF003F1EAC /* LumeyWidgetsExtension.appex */;
			productType = "com.apple.product-type.app-extension";
		};
/* End PBXNativeTarget section */

/* Begin PBXProject section */
		CFBD970F2FC0DD3E003F1EAC /* Project object */ = {
			isa = PBXProject;
			attributes = {
				BuildIndependentTargetsInParallel = 1;
				LastSwiftUpdateCheck = 2650;
				LastUpgradeCheck = 2650;
				TargetAttributes = {
					CFBD97162FC0DD3E003F1EAC = {
						CreatedOnToolsVersion = 26.5;
					};
					CFBD97BB2FC1E7EF003F1EAC = {
						CreatedOnToolsVersion = 26.5;
					};
				};
			};
			buildConfigurationList = CFBD97122FC0DD3E003F1EAC /* Build configuration list for PBXProject "Lumey" */;
			developmentRegion = en;
			hasScannedForEncodings = 0;
			knownRegions = (
				en,
				Base,
			);
			mainGroup = CFBD970E2FC0DD3E003F1EAC;
			minimizedProjectReferenceProxies = 1;
			packageReferences = (
				CF2171A72FE377EE00060F38 /* XCRemoteSwiftPackageReference "socket" */,
				CF2171D62FE6DFAB00060F38 /* XCRemoteSwiftPackageReference "swift-toolkit" */,
			);
			preferredProjectObjectVersion = 77;
			productRefGroup = CFBD97182FC0DD3E003F1EAC /* Products */;
			projectDirPath = "";
			projectRoot = "";
			targets = (
				CFBD97162FC0DD3E003F1EAC /* Lumey */,
				CFBD97BB2FC1E7EF003F1EAC /* LumeyWidgetsExtension */,
			);
		};
/* End PBXProject section */

/* Begin PBXResourcesBuildPhase section */
		CFBD97152FC0DD3E003F1EAC /* Resources */ = {
			isa = PBXResourcesBuildPhase;
			buildActionMask = 2147483647;
			files = (
			);
			runOnlyForDeploymentPostprocessing = 0;
		};
		CFBD97BA2FC1E7EF003F1EAC /* Resources */ = {
			isa = PBXResourcesBuildPhase;
			buildActionMask = 2147483647;
			files = (
			);
			runOnlyForDeploymentPostprocessing = 0;
		};
/* End PBXResourcesBuildPhase section */

/* Begin PBXSourcesBuildPhase section */
		CFBD97132FC0DD3E003F1EAC /* Sources */ = {
			isa = PBXSourcesBuildPhase;
			buildActionMask = 2147483647;
			files = (
			);
			runOnlyForDeploymentPostprocessing = 0;
		};
		CFBD97B82FC1E7EF003F1EAC /* Sources */ = {
			isa = PBXSourcesBuildPhase;
			buildActionMask = 2147483647;
			files = (
			);
			runOnlyForDeploymentPostprocessing = 0;
		};
/* End PBXSourcesBuildPhase section */

/* Begin PBXTargetDependency section */
		CFBD97D12FC1E7F2003F1EAC /* PBXTargetDependency */ = {
			isa = PBXTargetDependency;
			target = CFBD97BB2FC1E7EF003F1EAC /* LumeyWidgetsExtension */;
			targetProxy = CFBD97D02FC1E7F2003F1EAC /* PBXContainerItemProxy */;
		};
/* End PBXTargetDependency section */

/* Begin XCBuildConfiguration section */
		CFBD97262FC0DD40003F1EAC /* Debug */ = {
			isa = XCBuildConfiguration;
			buildSettings = {
				ASSETCATALOG_COMPILER_APPICON_NAME = AppIcon;
				ASSETCATALOG_COMPILER_GLOBAL_ACCENT_COLOR_NAME = AccentColor;
				ASSETCATALOG_COMPILER_INCLUDE_ALL_APPICON_ASSETS = YES;
				CODE_SIGN_ENTITLEMENTS = Lumey/Lumey.entitlements;
				CODE_SIGN_STYLE = Automatic;
				CURRENT_PROJECT_VERSION = 1;
				DEVELOPMENT_TEAM = PLRRW8XCVU;
				ENABLE_PREVIEWS = YES;
				GENERATE_INFOPLIST_FILE = YES;
				INFOPLIST_FILE = Lumey/Info.plist;
				INFOPLIST_KEY_UIApplicationSceneManifest_Generation = YES;
				INFOPLIST_KEY_UIApplicationSupportsIndirectInputEvents = YES;
				INFOPLIST_KEY_UILaunchScreen_Generation = YES;
				INFOPLIST_KEY_UISupportedInterfaceOrientations_iPad = "UIInterfaceOrientationPortrait UIInterfaceOrientationPortraitUpsideDown UIInterfaceOrientationLandscapeLeft UIInterfaceOrientationLandscapeRight";
				INFOPLIST_KEY_UISupportedInterfaceOrientations_iPhone = "UIInterfaceOrientationPortrait UIInterfaceOrientationLandscapeLeft UIInterfaceOrientationLandscapeRight";
				LD_RUNPATH_SEARCH_PATHS = (
					"$(inherited)",
					"@executable_path/Frameworks",
				);
				MARKETING_VERSION = 1.0;
				PRODUCT_BUNDLE_IDENTIFIER = im.lystaria.Lumey;
				PRODUCT_NAME = "$(TARGET_NAME)";
				STRING_CATALOG_GENERATE_SYMBOLS = YES;
				SUPPORTED_PLATFORMS = "iphoneos iphonesimulator";
				SUPPORTS_MACCATALYST = NO;
				SUPPORTS_MAC_DESIGNED_FOR_IPHONE_IPAD = NO;
				SUPPORTS_XR_DESIGNED_FOR_IPHONE_IPAD = NO;
				SWIFT_APPROACHABLE_CONCURRENCY = YES;
				SWIFT_DEFAULT_ACTOR_ISOLATION = MainActor;
				SWIFT_EMIT_LOC_STRINGS = YES;
				SWIFT_UPCOMING_FEATURE_MEMBER_IMPORT_VISIBILITY = YES;
				SWIFT_VERSION = 5.0;
				TARGETED_DEVICE_FAMILY = "1,2";
			};
			name = Debug;
		};
		CFBD97272FC0DD40003F1EAC /* Release */ = {
			isa = XCBuildConfiguration;
			buildSettings = {
				ASSETCATALOG_COMPILER_APPICON_NAME = AppIcon;
				ASSETCATALOG_COMPILER_GLOBAL_ACCENT_COLOR_NAME = AccentColor;
				ASSETCATALOG_COMPILER_INCLUDE_ALL_APPICON_ASSETS = YES;
				CODE_SIGN_ENTITLEMENTS = Lumey/Lumey.entitlements;
				CODE_SIGN_STYLE = Automatic;
				CURRENT_PROJECT_VERSION = 1;
				DEVELOPMENT_TEAM = PLRRW8XCVU;
				ENABLE_PREVIEWS = YES;
				GENERATE_INFOPLIST_FILE = YES;
				INFOPLIST_FILE = Lumey/Info.plist;
				INFOPLIST_KEY_UIApplicationSceneManifest_Generation = YES;
				INFOPLIST_KEY_UIApplicationSupportsIndirectInputEvents = YES;
				INFOPLIST_KEY_UILaunchScreen_Generation = YES;
				INFOPLIST_KEY_UISupportedInterfaceOrientations_iPad = "UIInterfaceOrientationPortrait UIInterfaceOrientationPortraitUpsideDown UIInterfaceOrientationLandscapeLeft UIInterfaceOrientationLandscapeRight";
				INFOPLIST_KEY_UISupportedInterfaceOrientations_iPhone = "UIInterfaceOrientationPortrait UIInterfaceOrientationLandscapeLeft UIInterfaceOrientationLandscapeRight";
				LD_RUNPATH_SEARCH_PATHS = (
					"$(inherited)",
					"@executable_path/Frameworks",
				);
				MARKETING_VERSION = 1.0;
				PRODUCT_BUNDLE_IDENTIFIER = im.lystaria.Lumey;
				PRODUCT_NAME = "$(TARGET_NAME)";
				STRING_CATALOG_GENERATE_SYMBOLS = YES;
				SUPPORTED_PLATFORMS = "iphoneos iphonesimulator";
				SUPPORTS_MACCATALYST = NO;
				SUPPORTS_MAC_DESIGNED_FOR_IPHONE_IPAD = NO;
				SUPPORTS_XR_DESIGNED_FOR_IPHONE_IPAD = NO;
				SWIFT_APPROACHABLE_CONCURRENCY = YES;
				SWIFT_DEFAULT_ACTOR_ISOLATION = MainActor;
				SWIFT_EMIT_LOC_STRINGS = YES;
				SWIFT_UPCOMING_FEATURE_MEMBER_IMPORT_VISIBILITY = YES;
				SWIFT_VERSION = 5.0;
				TARGETED_DEVICE_FAMILY = "1,2";
			};
			name = Release;
		};
		CFBD97282FC0DD40003F1EAC /* Debug */ = {
			isa = XCBuildConfiguration;
			buildSettings = {
				ALWAYS_SEARCH_USER_PATHS = NO;
				ASSETCATALOG_COMPILER_GENERATE_SWIFT_ASSET_SYMBOL_EXTENSIONS = YES;
				CLANG_ANALYZER_NONNULL = YES;
				CLANG_ANALYZER_NUMBER_OBJECT_CONVERSION = YES_AGGRESSIVE;
				CLANG_CXX_LANGUAGE_STANDARD = "gnu++20";
				CLANG_ENABLE_MODULES = YES;
				CLANG_ENABLE_OBJC_ARC = YES;
				CLANG_ENABLE_OBJC_WEAK = YES;
				CLANG_WARN_BLOCK_CAPTURE_AUTORELEASING = YES;
				CLANG_WARN_BOOL_CONVERSION = YES;
				CLANG_WARN_COMMA = YES;
				CLANG_WARN_CONSTANT_CONVERSION = YES;
				CLANG_WARN_DEPRECATED_OBJC_IMPLEMENTATIONS = YES;
				CLANG_WARN_DIRECT_OBJC_ISA_USAGE = YES_ERROR;
				CLANG_WARN_DOCUMENTATION_COMMENTS = YES;
				CLANG_WARN_EMPTY_BODY = YES;
				CLANG_WARN_ENUM_CONVERSION = YES;
				CLANG_WARN_INFINITE_RECURSION = YES;
				CLANG_WARN_INT_CONVERSION = YES;
				CLANG_WARN_NON_LITERAL_NULL_CONVERSION = YES;
				CLANG_WARN_OBJC_IMPLICIT_RETAIN_SELF = YES;
				CLANG_WARN_OBJC_LITERAL_CONVERSION = YES;
				CLANG_WARN_OBJC_ROOT_CLASS = YES_ERROR;
				CLANG_WARN_QUOTED_INCLUDE_IN_FRAMEWORK_HEADER = YES;
				CLANG_WARN_RANGE_LOOP_ANALYSIS = YES;
				CLANG_WARN_STRICT_PROTOTYPES = YES;
				CLANG_WARN_SUSPICIOUS_MOVE = YES;
				CLANG_WARN_UNGUARDED_AVAILABILITY = YES_AGGRESSIVE;
				CLANG_WARN_UNREACHABLE_CODE = YES;
				CLANG_WARN__DUPLICATE_METHOD_MATCH = YES;
				COPY_PHASE_STRIP = NO;
				DEBUG_INFORMATION_FORMAT = dwarf;
				DEVELOPMENT_TEAM = PLRRW8XCVU;
				ENABLE_STRICT_OBJC_MSGSEND = YES;
				ENABLE_TESTABILITY = YES;
				ENABLE_USER_SCRIPT_SANDBOXING = YES;
				GCC_C_LANGUAGE_STANDARD = gnu17;
				GCC_DYNAMIC_NO_PIC = NO;
				GCC_NO_COMMON_BLOCKS = YES;
				GCC_OPTIMIZATION_LEVEL = 0;
				GCC_PREPROCESSOR_DEFINITIONS = (
					"DEBUG=1",
					"$(inherited)",
				);
				GCC_WARN_64_TO_32_BIT_CONVERSION = YES;
				GCC_WARN_ABOUT_RETURN_TYPE = YES_ERROR;
				GCC_WARN_UNDECLARED_SELECTOR = YES;
				GCC_WARN_UNINITIALIZED_AUTOS = YES_AGGRESSIVE;
				GCC_WARN_UNUSED_FUNCTION = YES;
				GCC_WARN_UNUSED_VARIABLE = YES;
				IPHONEOS_DEPLOYMENT_TARGET = 26.5;
				LOCALIZATION_PREFERS_STRING_CATALOGS = YES;
				MTL_ENABLE_DEBUG_INFO = INCLUDE_SOURCE;
				MTL_FAST_MATH = YES;
				ONLY_ACTIVE_ARCH = YES;
				SDKROOT = iphoneos;
				SWIFT_ACTIVE_COMPILATION_CONDITIONS = "DEBUG $(inherited)";
				SWIFT_OPTIMIZATION_LEVEL = "-Onone";
			};
			name = Debug;
		};
		CFBD97292FC0DD40003F1EAC /* Release */ = {
			isa = XCBuildConfiguration;
			buildSettings = {
				ALWAYS_SEARCH_USER_PATHS = NO;
				ASSETCATALOG_COMPILER_GENERATE_SWIFT_ASSET_SYMBOL_EXTENSIONS = YES;
				CLANG_ANALYZER_NONNULL = YES;
				CLANG_ANALYZER_NUMBER_OBJECT_CONVERSION = YES_AGGRESSIVE;
				CLANG_CXX_LANGUAGE_STANDARD = "gnu++20";
				CLANG_ENABLE_MODULES = YES;
				CLANG_ENABLE_OBJC_ARC = YES;
				CLANG_ENABLE_OBJC_WEAK = YES;
				CLANG_WARN_BLOCK_CAPTURE_AUTORELEASING = YES;
				CLANG_WARN_BOOL_CONVERSION = YES;
				CLANG_WARN_COMMA = YES;
				CLANG_WARN_CONSTANT_CONVERSION = YES;
				CLANG_WARN_DEPRECATED_OBJC_IMPLEMENTATIONS = YES;
				CLANG_WARN_DIRECT_OBJC_ISA_USAGE = YES_ERROR;
				CLANG_WARN_DOCUMENTATION_COMMENTS = YES;
				CLANG_WARN_EMPTY_BODY = YES;
				CLANG_WARN_ENUM_CONVERSION = YES;
				CLANG_WARN_INFINITE_RECURSION = YES;
				CLANG_WARN_INT_CONVERSION = YES;
				CLANG_WARN_NON_LITERAL_NULL_CONVERSION = YES;
				CLANG_WARN_OBJC_IMPLICIT_RETAIN_SELF = YES;
				CLANG_WARN_OBJC_LITERAL_CONVERSION = YES;
				CLANG_WARN_OBJC_ROOT_CLASS = YES_ERROR;
				CLANG_WARN_QUOTED_INCLUDE_IN_FRAMEWORK_HEADER = YES;
				CLANG_WARN_RANGE_LOOP_ANALYSIS = YES;
				CLANG_WARN_STRICT_PROTOTYPES = YES;
				CLANG_WARN_SUSPICIOUS_MOVE = YES;
				CLANG_WARN_UNGUARDED_AVAILABILITY = YES_AGGRESSIVE;
				CLANG_WARN_UNREACHABLE_CODE = YES;
				CLANG_WARN__DUPLICATE_METHOD_MATCH = YES;
				COPY_PHASE_STRIP = NO;
				DEBUG_INFORMATION_FORMAT = "dwarf-with-dsym";
				DEVELOPMENT_TEAM = PLRRW8XCVU;
				ENABLE_NS_ASSERTIONS = NO;
				ENABLE_STRICT_OBJC_MSGSEND = YES;
				ENABLE_USER_SCRIPT_SANDBOXING = YES;
				GCC_C_LANGUAGE_STANDARD = gnu17;
				GCC_NO_COMMON_BLOCKS = YES;
				GCC_WARN_64_TO_32_BIT_CONVERSION = YES;
				GCC_WARN_ABOUT_RETURN_TYPE = YES_ERROR;
				GCC_WARN_UNDECLARED_SELECTOR = YES;
				GCC_WARN_UNINITIALIZED_AUTOS = YES_AGGRESSIVE;
				GCC_WARN_UNUSED_FUNCTION = YES;
				GCC_WARN_UNUSED_VARIABLE = YES;
				IPHONEOS_DEPLOYMENT_TARGET = 26.5;
				LOCALIZATION_PREFERS_STRING_CATALOGS = YES;
				MTL_ENABLE_DEBUG_INFO = NO;
				MTL_FAST_MATH = YES;
				SDKROOT = iphoneos;
				SWIFT_COMPILATION_MODE = wholemodule;
				VALIDATE_PRODUCT = YES;
			};
			name = Release;
		};
		CFBD97D42FC1E7F2003F1EAC /* Debug */ = {
			isa = XCBuildConfiguration;
			buildSettings = {
				ASSETCATALOG_COMPILER_GLOBAL_ACCENT_COLOR_NAME = AccentColor;
				ASSETCATALOG_COMPILER_WIDGET_BACKGROUND_COLOR_NAME = WidgetBackground;
				CODE_SIGN_STYLE = Automatic;
				CURRENT_PROJECT_VERSION = 1;
				DEVELOPMENT_TEAM = PLRRW8XCVU;
				GENERATE_INFOPLIST_FILE = YES;
				INFOPLIST_FILE = LumeyWidgets/Info.plist;
				INFOPLIST_KEY_CFBundleDisplayName = LumeyWidgets;
				INFOPLIST_KEY_NSHumanReadableCopyright = "";
				LD_RUNPATH_SEARCH_PATHS = (
					"$(inherited)",
					"@executable_path/Frameworks",
					"@executable_path/../../Frameworks",
				);
				MARKETING_VERSION = 1.0;
				PRODUCT_BUNDLE_IDENTIFIER = im.lystaria.Lumey.LumeyWidgets;
				PRODUCT_NAME = "$(TARGET_NAME)";
				SKIP_INSTALL = YES;
				STRING_CATALOG_GENERATE_SYMBOLS = YES;
				SWIFT_APPROACHABLE_CONCURRENCY = YES;
				SWIFT_EMIT_LOC_STRINGS = YES;
				SWIFT_UPCOMING_FEATURE_MEMBER_IMPORT_VISIBILITY = YES;
				SWIFT_VERSION = 5.0;
				TARGETED_DEVICE_FAMILY = "1,2";
			};
			name = Debug;
		};
		CFBD97D52FC1E7F2003F1EAC /* Release */ = {
			isa = XCBuildConfiguration;
			buildSettings = {
				ASSETCATALOG_COMPILER_GLOBAL_ACCENT_COLOR_NAME = AccentColor;
				ASSETCATALOG_COMPILER_WIDGET_BACKGROUND_COLOR_NAME = WidgetBackground;
				CODE_SIGN_STYLE = Automatic;
				CURRENT_PROJECT_VERSION = 1;
				DEVELOPMENT_TEAM = PLRRW8XCVU;
				GENERATE_INFOPLIST_FILE = YES;
				INFOPLIST_FILE = LumeyWidgets/Info.plist;
				INFOPLIST_KEY_CFBundleDisplayName = LumeyWidgets;
				INFOPLIST_KEY_NSHumanReadableCopyright = "";
				LD_RUNPATH_SEARCH_PATHS = (
					"$(inherited)",
					"@executable_path/Frameworks",
					"@executable_path/../../Frameworks",
				);
				MARKETING_VERSION = 1.0;
				PRODUCT_BUNDLE_IDENTIFIER = im.lystaria.Lumey.LumeyWidgets;
				PRODUCT_NAME = "$(TARGET_NAME)";
				SKIP_INSTALL = YES;
				STRING_CATALOG_GENERATE_SYMBOLS = YES;
				SWIFT_APPROACHABLE_CONCURRENCY = YES;
				SWIFT_EMIT_LOC_STRINGS = YES;
				SWIFT_UPCOMING_FEATURE_MEMBER_IMPORT_VISIBILITY = YES;
				SWIFT_VERSION = 5.0;
				TARGETED_DEVICE_FAMILY = "1,2";
			};
			name = Release;
		};
/* End XCBuildConfiguration section */

/* Begin XCConfigurationList section */
		CFBD97122FC0DD3E003F1EAC /* Build configuration list for PBXProject "Lumey" */ = {
			isa = XCConfigurationList;
			buildConfigurations = (
				CFBD97282FC0DD40003F1EAC /* Debug */,
				CFBD97292FC0DD40003F1EAC /* Release */,
			);
			defaultConfigurationIsVisible = 0;
			defaultConfigurationName = Release;
		};
		CFBD97252FC0DD40003F1EAC /* Build configuration list for PBXNativeTarget "Lumey" */ = {
			isa = XCConfigurationList;
			buildConfigurations = (
				CFBD97262FC0DD40003F1EAC /* Debug */,
				CFBD97272FC0DD40003F1EAC /* Release */,
			);
			defaultConfigurationIsVisible = 0;
			defaultConfigurationName = Release;
		};
		CFBD97D32FC1E7F2003F1EAC /* Build configuration list for PBXNativeTarget "LumeyWidgetsExtension" */ = {
			isa = XCConfigurationList;
			buildConfigurations = (
				CFBD97D42FC1E7F2003F1EAC /* Debug */,
				CFBD97D52FC1E7F2003F1EAC /* Release */,
			);
			defaultConfigurationIsVisible = 0;
			defaultConfigurationName = Release;
		};
/* End XCConfigurationList section */

/* Begin XCRemoteSwiftPackageReference section */
		CF2171A72FE377EE00060F38 /* XCRemoteSwiftPackageReference "socket" */ = {
			isa = XCRemoteSwiftPackageReference;
			repositoryURL = "https://github.com/socketio/socket.io-client-swift";
			requirement = {
				branch = master;
				kind = branch;
			};
		};
		CF2171D62FE6DFAB00060F38 /* XCRemoteSwiftPackageReference "swift-toolkit" */ = {
			isa = XCRemoteSwiftPackageReference;
			repositoryURL = "https://github.com/readium/swift-toolkit";
			requirement = {
				kind = upToNextMajorVersion;
				minimumVersion = 3.9.0;
			};
		};
/* End XCRemoteSwiftPackageReference section */

/* Begin XCSwiftPackageProductDependency section */
		CF2171A82FE377EE00060F38 /* SocketIO */ = {
			isa = XCSwiftPackageProductDependency;
			package = CF2171A72FE377EE00060F38 /* XCRemoteSwiftPackageReference "socket" */;
			productName = SocketIO;
		};
		CF2171D72FE6DFAB00060F38 /* ReadiumAdapterGCDWebServer */ = {
			isa = XCSwiftPackageProductDependency;
			package = CF2171D62FE6DFAB00060F38 /* XCRemoteSwiftPackageReference "swift-toolkit" */;
			productName = ReadiumAdapterGCDWebServer;
		};
		CF2171D92FE6DFAB00060F38 /* ReadiumAdapterLCPSQLite */ = {
			isa = XCSwiftPackageProductDependency;
			package = CF2171D62FE6DFAB00060F38 /* XCRemoteSwiftPackageReference "swift-toolkit" */;
			productName = ReadiumAdapterLCPSQLite;
		};
		CF2171DB2FE6DFAB00060F38 /* ReadiumLCP */ = {
			isa = XCSwiftPackageProductDependency;
			package = CF2171D62FE6DFAB00060F38 /* XCRemoteSwiftPackageReference "swift-toolkit" */;
			productName = ReadiumLCP;
		};
		CF2171DD2FE6DFAB00060F38 /* ReadiumNavigator */ = {
			isa = XCSwiftPackageProductDependency;
			package = CF2171D62FE6DFAB00060F38 /* XCRemoteSwiftPackageReference "swift-toolkit" */;
			productName = ReadiumNavigator;
		};
		CF2171DF2FE6DFAB00060F38 /* ReadiumOPDS */ = {
			isa = XCSwiftPackageProductDependency;
			package = CF2171D62FE6DFAB00060F38 /* XCRemoteSwiftPackageReference "swift-toolkit" */;
			productName = ReadiumOPDS;
		};
		CF2171E12FE6DFAB00060F38 /* ReadiumShared */ = {
			isa = XCSwiftPackageProductDependency;
			package = CF2171D62FE6DFAB00060F38 /* XCRemoteSwiftPackageReference "swift-toolkit" */;
			productName = ReadiumShared;
		};
		CF2171E32FE6DFAB00060F38 /* ReadiumStreamer */ = {
			isa = XCSwiftPackageProductDependency;
			package = CF2171D62FE6DFAB00060F38 /* XCRemoteSwiftPackageReference "swift-toolkit" */;
			productName = ReadiumStreamer;
		};
/* End XCSwiftPackageProductDependency section */
	};
	rootObject = CFBD970F2FC0DD3E003F1EAC /* Project object */;
}
